# This file is automatically @generated by Cargo.
# It is not intended for manual editing.
version = 4

[[package]]
name = "pyawa-abi"
version = "0.0.0"
dependencies = [
 "pyawa-core",
]

[[package]]
name = "pyawa-capabilities"
version = "0.0.0"

[[package]]
name = "pyawa-core"
version = "0.0.0"

[[package]]
name = "pyawa-runtime"
version = "0.0.0"

[[package]]
name = "pyawa-stdlib"
version = "0.0.0"
dependencies = [
 "pyawa-core",
]
